
Microsoft Visual Studio Solution File, Format Version 12.00
Project("{2150E333-8FDC-42A3-9474-1A3956D46DE8}") = "src", "src", "{7A973E62-1ADF-4D2C-88C9-F5E97F734D0D}"
EndProject
Project("{FAE04EC0-301F-11D3-BF4B-00C04F79EFBC}") = "ElkoodTaskCA.API", "ElkoodTaskCA.API\ElkoodTaskCA.API.csproj", "{2C4FCD81-AC04-437B-8582-E162E5BA0882}"
EndProject
Project("{FAE04EC0-301F-11D3-BF4B-00C04F79EFBC}") = "ElkoodTaskCA.Contracts", "ElkoodTaskCA.Contracts\ElkoodTaskCA.Contracts.csproj", "{9A3755B4-04D9-4410-82D6-D5A8A74A8EE7}"
EndProject
Project("{FAE04EC0-301F-11D3-BF4B-00C04F79EFBC}") = "ElkoodTaskCA.Domain", "ElkoodTaskCA.Domain\ElkoodTaskCA.Domain.csproj", "{251B0EE2-4337-408A-9D3C-F314044D320C}"
EndProject
Project("{FAE04EC0-301F-11D3-BF4B-00C04F79EFBC}") = "ElkoodTaskCA.Infrastructure", "ElkoodTaskCA.Infrastructure\ElkoodTaskCA.Infrastructure.csproj", "{E9BB424A-D2D7-4F77-9381-B97813F7AD09}"
EndProject
Project("{FAE04EC0-301F-11D3-BF4B-00C04F79EFBC}") = "ElkoodTaskCA.IntergrationEvents", "ElkoodTaskCA.IntergrationEvents\ElkoodTaskCA.IntergrationEvents.csproj", "{75B0D68C-07E4-4137-ACC0-E950523C7D37}"
EndProject
Project("{FAE04EC0-301F-11D3-BF4B-00C04F79EFBC}") = "ElkoodTaskCA.Persistence", "ElkoodTaskCA.Persistence\ElkoodTaskCA.Persistence.csproj", "{1B76852B-A0BF-48ED-9FC6-08C15A164931}"
EndProject
Project("{FAE04EC0-301F-11D3-BF4B-00C04F79EFBC}") = "ElkoodTaskCA.Application", "ElkoodTaskCA.Application\ElkoodTaskCA.Application.csproj", "{B2BF3CDB-715D-41A9-9B1D-6CFC88C2EA5B}"
EndProject
Project("{2150E333-8FDC-42A3-9474-1A3956D46DE8}") = "test", "test", "{480E8F64-CEE5-4607-9FA1-799A3BBF30A6}"
EndProject
Global
	GlobalSection(SolutionConfigurationPlatforms) = preSolution
		Debug|Any CPU = Debug|Any CPU
		Release|Any CPU = Release|Any CPU
	EndGlobalSection
	GlobalSection(ProjectConfigurationPlatforms) = postSolution
		{2C4FCD81-AC04-437B-8582-E162E5BA0882}.Debug|Any CPU.ActiveCfg = Debug|Any CPU
		{2C4FCD81-AC04-437B-8582-E162E5BA0882}.Debug|Any CPU.Build.0 = Debug|Any CPU
		{2C4FCD81-AC04-437B-8582-E162E5BA0882}.Release|Any CPU.ActiveCfg = Release|Any CPU
		{2C4FCD81-AC04-437B-8582-E162E5BA0882}.Release|Any CPU.Build.0 = Release|Any CPU
		{9A3755B4-04D9-4410-82D6-D5A8A74A8EE7}.Debug|Any CPU.ActiveCfg = Debug|Any CPU
		{9A3755B4-04D9-4410-82D6-D5A8A74A8EE7}.Debug|Any CPU.Build.0 = Debug|Any CPU
		{9A3755B4-04D9-4410-82D6-D5A8A74A8EE7}.Release|Any CPU.ActiveCfg = Release|Any CPU
		{9A3755B4-04D9-4410-82D6-D5A8A74A8EE7}.Release|Any CPU.Build.0 = Release|Any CPU
		{251B0EE2-4337-408A-9D3C-F314044D320C}.Debug|Any CPU.ActiveCfg = Debug|Any CPU
		{251B0EE2-4337-408A-9D3C-F314044D320C}.Debug|Any CPU.Build.0 = Debug|Any CPU
		{251B0EE2-4337-408A-9D3C-F314044D320C}.Release|Any CPU.ActiveCfg = Release|Any CPU
		{251B0EE2-4337-408A-9D3C-F314044D320C}.Release|Any CPU.Build.0 = Release|Any CPU
		{E9BB424A-D2D7-4F77-9381-B97813F7AD09}.Debug|Any CPU.ActiveCfg = Debug|Any CPU
		{E9BB424A-D2D7-4F77-9381-B97813F7AD09}.Debug|Any CPU.Build.0 = Debug|Any CPU
		{E9BB424A-D2D7-4F77-9381-B97813F7AD09}.Release|Any CPU.ActiveCfg = Release|Any CPU
		{E9BB424A-D2D7-4F77-9381-B97813F7AD09}.Release|Any CPU.Build.0 = Release|Any CPU
		{75B0D68C-07E4-4137-ACC0-E950523C7D37}.Debug|Any CPU.ActiveCfg = Debug|Any CPU
		{75B0D68C-07E4-4137-ACC0-E950523C7D37}.Debug|Any CPU.Build.0 = Debug|Any CPU
		{75B0D68C-07E4-4137-ACC0-E950523C7D37}.Release|Any CPU.ActiveCfg = Release|Any CPU
		{75B0D68C-07E4-4137-ACC0-E950523C7D37}.Release|Any CPU.Build.0 = Release|Any CPU
		{1B76852B-A0BF-48ED-9FC6-08C15A164931}.Debug|Any CPU.ActiveCfg = Debug|Any CPU
		{1B76852B-A0BF-48ED-9FC6-08C15A164931}.Debug|Any CPU.Build.0 = Debug|Any CPU
		{1B76852B-A0BF-48ED-9FC6-08C15A164931}.Release|Any CPU.ActiveCfg = Release|Any CPU
		{1B76852B-A0BF-48ED-9FC6-08C15A164931}.Release|Any CPU.Build.0 = Release|Any CPU
		{B2BF3CDB-715D-41A9-9B1D-6CFC88C2EA5B}.Debug|Any CPU.ActiveCfg = Debug|Any CPU
		{B2BF3CDB-715D-41A9-9B1D-6CFC88C2EA5B}.Debug|Any CPU.Build.0 = Debug|Any CPU
		{B2BF3CDB-715D-41A9-9B1D-6CFC88C2EA5B}.Release|Any CPU.ActiveCfg = Release|Any CPU
		{B2BF3CDB-715D-41A9-9B1D-6CFC88C2EA5B}.Release|Any CPU.Build.0 = Release|Any CPU
	EndGlobalSection
	GlobalSection(NestedProjects) = preSolution
		{2C4FCD81-AC04-437B-8582-E162E5BA0882} = {7A973E62-1ADF-4D2C-88C9-F5E97F734D0D}
		{9A3755B4-04D9-4410-82D6-D5A8A74A8EE7} = {7A973E62-1ADF-4D2C-88C9-F5E97F734D0D}
		{251B0EE2-4337-408A-9D3C-F314044D320C} = {7A973E62-1ADF-4D2C-88C9-F5E97F734D0D}
		{E9BB424A-D2D7-4F77-9381-B97813F7AD09} = {7A973E62-1ADF-4D2C-88C9-F5E97F734D0D}
		{75B0D68C-07E4-4137-ACC0-E950523C7D37} = {7A973E62-1ADF-4D2C-88C9-F5E97F734D0D}
		{1B76852B-A0BF-48ED-9FC6-08C15A164931} = {7A973E62-1ADF-4D2C-88C9-F5E97F734D0D}
		{B2BF3CDB-715D-41A9-9B1D-6CFC88C2EA5B} = {7A973E62-1ADF-4D2C-88C9-F5E97F734D0D}
	EndGlobalSection
EndGlobal
